schema: '2.0'
stages:
  prepare_data:
    cmd: python src/data.py
    deps:
    - path: src/data.py
      hash: md5
      md5: 825c84414b36f60f1646b676c593a37b
      size: 4513
    outs:
    - path: data/metadata.json
      hash: md5
      md5: 54a7cd5b712c3f6ab8d0c7a5fc02fa22
      size: 426
    - path: data/processed/iris.csv
      hash: md5
      md5: 478cee5f267ecb031b6c2fdb8ba01b20
      size: 2756
    - path: data/raw/iris.csv
      hash: md5
      md5: 478cee5f267ecb031b6c2fdb8ba01b20
      size: 2756
    - path: data/schema.json
      hash: md5
      md5: 3805bcb46f7e1660cf1f51641c722a19
      size: 235
